{
  "nodes": {
    "nixpkgs": {
      "locked": {
        "lastModified": 1788107362,
        "narHash": "sha256-pKxqcA71wmW6eMh3kFpW5NHIdbrgYOhtW2aOwqQ28GQ=",
        "owner": "Melorise",
        "repo": "nixpkgs",
        "rev": "e1c33116d631fcc7987a1a6b298622523ce1d66a",
        "type": "github"
      },
      "original": {
        "owner": "Melorise",
        "ref": "nixos-unstable",
        "repo": "nixpkgs",
        "type": "github"
      }
    },
    "root": {
      "inputs": {
        "nixpkgs": "nixpkgs"
      }
    }
  },
  "root": "root",
  "version": 7
}
