{
  "nodes": {
    "nixpkgs": {
      "locked": {
        "lastModified": 1787801291,
        "narHash": "sha256-7rEMckUEbUgPblRt2bjQw4mcOTmx9U2+FhgMgYCz/OI=",
        "owner": "Melorise",
        "repo": "nixpkgs",
        "rev": "40df259e280b8cd94fc8b30eb8501c98c91ad995",
        "type": "github"
      },
      "original": {
        "owner": "Melorise",
        "ref": "nixos-unstable",
        "repo": "nixpkgs",
        "type": "github"
      }
    },
    "root": {
      "inputs": {
        "nixpkgs": "nixpkgs"
      }
    }
  },
  "root": "root",
  "version": 7
}
