{
  "nodes": {
    "nixpkgs": {
      "locked": {
        "lastModified": 1788283238,
        "narHash": "sha256-iFgPO6h9A+vvC8auAY2DBJv1t01vRRS6EWbUUqmEh0c=",
        "owner": "Melorise",
        "repo": "nixpkgs",
        "rev": "800023974a51c7b559d9ae8c489f3de3abdb14f0",
        "type": "github"
      },
      "original": {
        "owner": "Melorise",
        "ref": "nixos-unstable",
        "repo": "nixpkgs",
        "type": "github"
      }
    },
    "root": {
      "inputs": {
        "nixpkgs": "nixpkgs"
      }
    }
  },
  "root": "root",
  "version": 7
}
